
Microsoft Visual Studio Solution File, Format Version 12.00
# Visual Studio 15
VisualStudioVersion = 15.0.28010.2048
MinimumVisualStudioVersion = 10.0.40219.1
Project("{FAE04EC0-301F-11D3-BF4B-00C04F79EFBC}") = "PaginationApp", "PaginationApp\PaginationApp.csproj", "{59040D33-6C37-44CD-A80D-76A17A2E14AB}"
EndProject
Project("{FAE04EC0-301F-11D3-BF4B-00C04F79EFBC}") = "UnitTestPaginationApp", "UnitTestPaginationApp\UnitTestPaginationApp.csproj", "{E6C45940-6162-4881-9585-AC06197BDFE6}"
EndProject
Project("{FAE04EC0-301F-11D3-BF4B-00C04F79EFBC}") = "PaginationWebApp", "PaginationWebApp\PaginationWebApp.csproj", "{9C76736D-C703-4DA1-B323-3F2BCD1C9C5C}"
EndProject
Project("{FAE04EC0-301F-11D3-BF4B-00C04F79EFBC}") = "PaginacaoNetStandard", "PaginacaoNetStandard\PaginacaoNetStandard.csproj", "{AC0F8ABA-F1B8-46E9-AD44-03F3349B95C9}"
EndProject
Global
	GlobalSection(SolutionConfigurationPlatforms) = preSolution
		Debug|Any CPU = Debug|Any CPU
		Release|Any CPU = Release|Any CPU
	EndGlobalSection
	GlobalSection(ProjectConfigurationPlatforms) = postSolution
		{59040D33-6C37-44CD-A80D-76A17A2E14AB}.Debug|Any CPU.ActiveCfg = Debug|Any CPU
		{59040D33-6C37-44CD-A80D-76A17A2E14AB}.Debug|Any CPU.Build.0 = Debug|Any CPU
		{59040D33-6C37-44CD-A80D-76A17A2E14AB}.Release|Any CPU.ActiveCfg = Release|Any CPU
		{59040D33-6C37-44CD-A80D-76A17A2E14AB}.Release|Any CPU.Build.0 = Release|Any CPU
		{E6C45940-6162-4881-9585-AC06197BDFE6}.Debug|Any CPU.ActiveCfg = Debug|Any CPU
		{E6C45940-6162-4881-9585-AC06197BDFE6}.Debug|Any CPU.Build.0 = Debug|Any CPU
		{E6C45940-6162-4881-9585-AC06197BDFE6}.Release|Any CPU.ActiveCfg = Release|Any CPU
		{E6C45940-6162-4881-9585-AC06197BDFE6}.Release|Any CPU.Build.0 = Release|Any CPU
		{9C76736D-C703-4DA1-B323-3F2BCD1C9C5C}.Debug|Any CPU.ActiveCfg = Debug|Any CPU
		{9C76736D-C703-4DA1-B323-3F2BCD1C9C5C}.Debug|Any CPU.Build.0 = Debug|Any CPU
		{9C76736D-C703-4DA1-B323-3F2BCD1C9C5C}.Release|Any CPU.ActiveCfg = Release|Any CPU
		{9C76736D-C703-4DA1-B323-3F2BCD1C9C5C}.Release|Any CPU.Build.0 = Release|Any CPU
		{AC0F8ABA-F1B8-46E9-AD44-03F3349B95C9}.Debug|Any CPU.ActiveCfg = Debug|Any CPU
		{AC0F8ABA-F1B8-46E9-AD44-03F3349B95C9}.Debug|Any CPU.Build.0 = Debug|Any CPU
		{AC0F8ABA-F1B8-46E9-AD44-03F3349B95C9}.Release|Any CPU.ActiveCfg = Release|Any CPU
		{AC0F8ABA-F1B8-46E9-AD44-03F3349B95C9}.Release|Any CPU.Build.0 = Release|Any CPU
	EndGlobalSection
	GlobalSection(SolutionProperties) = preSolution
		HideSolutionNode = FALSE
	EndGlobalSection
	GlobalSection(ExtensibilityGlobals) = postSolution
		SolutionGuid = {919B6857-A585-487F-BE8C-E1A7B796E862}
	EndGlobalSection
EndGlobal
